# THIS IS AN AUTOGENERATED FILE. DO NOT EDIT THIS FILE DIRECTLY.
# yarn lockfile v1


"@esbuild/android-arm64@0.19.3":
  version "0.19.3"
  resolved "https://registry.yarnpkg.com/@esbuild/android-arm64/-/android-arm64-0.19.3.tgz#91a3b1b4a68c01ffdd5d8ffffb0a83178a366ae0"
  integrity sha512-w+Akc0vv5leog550kjJV9Ru+MXMR2VuMrui3C61mnysim0gkFCPOUTAfzTP0qX+HpN9Syu3YA3p1hf3EPqObRw==

"@esbuild/android-arm@0.19.3":
  version "0.19.3"
  resolved "https://registry.yarnpkg.com/@esbuild/android-arm/-/android-arm-0.19.3.tgz#08bd09f2ebc312422f4e94ae954821f9cf37b39e"
  integrity sha512-Lemgw4io4VZl9GHJmjiBGzQ7ONXRfRPHcUEerndjwiSkbxzrpq0Uggku5MxxrXdwJ+pTj1qyw4jwTu7hkPsgIA==

"@esbuild/android-x64@0.19.3":
  version "0.19.3"
  resolved "https://registry.yarnpkg.com/@esbuild/android-x64/-/android-x64-0.19.3.tgz#b1dffec99ed5505fc57561e8758b449dba4924fe"
  integrity sha512-FKQJKkK5MXcBHoNZMDNUAg1+WcZlV/cuXrWCoGF/TvdRiYS4znA0m5Il5idUwfxrE20bG/vU1Cr5e1AD6IEIjQ==

"@esbuild/darwin-arm64@0.19.3":
  version "0.19.3"
  resolved "https://registry.yarnpkg.com/@esbuild/darwin-arm64/-/darwin-arm64-0.19.3.tgz#2e0db5ad26313c7f420f2cd76d9d263fc49cb549"
  integrity sha512-kw7e3FXU+VsJSSSl2nMKvACYlwtvZB8RUIeVShIEY6PVnuZ3c9+L9lWB2nWeeKWNNYDdtL19foCQ0ZyUL7nqGw==

"@esbuild/darwin-x64@0.19.3":
  version "0.19.3"
  resolved "https://registry.yarnpkg.com/@esbuild/darwin-x64/-/darwin-x64-0.19.3.tgz#ebe99f35049180023bb37999bddbe306b076a484"
  integrity sha512-tPfZiwF9rO0jW6Jh9ipi58N5ZLoSjdxXeSrAYypy4psA2Yl1dAMhM71KxVfmjZhJmxRjSnb29YlRXXhh3GqzYw==

"@esbuild/freebsd-arm64@0.19.3":
  version "0.19.3"
  resolved "https://registry.yarnpkg.com/@esbuild/freebsd-arm64/-/freebsd-arm64-0.19.3.tgz#cf8b58ba5173440ea6124a3d0278bfe4ce181c20"
  integrity sha512-ERDyjOgYeKe0Vrlr1iLrqTByB026YLPzTytDTz1DRCYM+JI92Dw2dbpRHYmdqn6VBnQ9Bor6J8ZlNwdZdxjlSg==

"@esbuild/freebsd-x64@0.19.3":
  version "0.19.3"
  resolved "https://registry.yarnpkg.com/@esbuild/freebsd-x64/-/freebsd-x64-0.19.3.tgz#3f283099810ef1b8468cd1a9400c042e3f12e2a7"
  integrity sha512-nXesBZ2Ad1qL+Rm3crN7NmEVJ5uvfLFPLJev3x1j3feCQXfAhoYrojC681RhpdOph8NsvKBBwpYZHR7W0ifTTA==

"@esbuild/linux-arm64@0.19.3":
  version "0.19.3"
  resolved "https://registry.yarnpkg.com/@esbuild/linux-arm64/-/linux-arm64-0.19.3.tgz#a8b3aa69653ac504a51aa73739fb06de3a04d1ff"
  integrity sha512-qXvYKmXj8GcJgWq3aGvxL/JG1ZM3UR272SdPU4QSTzD0eymrM7leiZH77pvY3UetCy0k1xuXZ+VPvoJNdtrsWQ==

"@esbuild/linux-arm@0.19.3":
  version "0.19.3"
  resolved "https://registry.yarnpkg.com/@esbuild/linux-arm/-/linux-arm-0.19.3.tgz#ff6a2f68d4fc3ab46f614bca667a1a81ed6eea26"
  integrity sha512-zr48Cg/8zkzZCzDHNxXO/89bf9e+r4HtzNUPoz4GmgAkF1gFAFmfgOdCbR8zMbzFDGb1FqBBhdXUpcTQRYS1cQ==

"@esbuild/linux-ia32@0.19.3":
  version "0.19.3"
  resolved "https://registry.yarnpkg.com/@esbuild/linux-ia32/-/linux-ia32-0.19.3.tgz#5813baf70e406304e8931b200e39d0293b488073"
  integrity sha512-7XlCKCA0nWcbvYpusARWkFjRQNWNGlt45S+Q18UeS///K6Aw8bB2FKYe9mhVWy/XLShvCweOLZPrnMswIaDXQA==

"@esbuild/linux-loong64@0.19.3":
  version "0.19.3"
  resolved "https://registry.yarnpkg.com/@esbuild/linux-loong64/-/linux-loong64-0.19.3.tgz#21110f29b5e31dc865c7253fde8a2003f7e8b6fd"
  integrity sha512-qGTgjweER5xqweiWtUIDl9OKz338EQqCwbS9c2Bh5jgEH19xQ1yhgGPNesugmDFq+UUSDtWgZ264st26b3de8A==

"@esbuild/linux-mips64el@0.19.3":
  version "0.19.3"
  resolved "https://registry.yarnpkg.com/@esbuild/linux-mips64el/-/linux-mips64el-0.19.3.tgz#4530fc416651eadeb1acc27003c00eac769eb8fd"
  integrity sha512-gy1bFskwEyxVMFRNYSvBauDIWNggD6pyxUksc0MV9UOBD138dKTzr8XnM2R4mBsHwVzeuIH8X5JhmNs2Pzrx+A==

"@esbuild/linux-ppc64@0.19.3":
  version "0.19.3"
  resolved "https://registry.yarnpkg.com/@esbuild/linux-ppc64/-/linux-ppc64-0.19.3.tgz#facf910b0d397e391b37b01a1b4f6e363b04e56b"
  integrity sha512-UrYLFu62x1MmmIe85rpR3qou92wB9lEXluwMB/STDzPF9k8mi/9UvNsG07Tt9AqwPQXluMQ6bZbTzYt01+Ue5g==

"@esbuild/linux-riscv64@0.19.3":
  version "0.19.3"
  resolved "https://registry.yarnpkg.com/@esbuild/linux-riscv64/-/linux-riscv64-0.19.3.tgz#4a67abe97a495430d5867340982f5424a64f2aac"
  integrity sha512-9E73TfyMCbE+1AwFOg3glnzZ5fBAFK4aawssvuMgCRqCYzE0ylVxxzjEfut8xjmKkR320BEoMui4o/t9KA96gA==

"@esbuild/linux-s390x@0.19.3":
  version "0.19.3"
  resolved "https://registry.yarnpkg.com/@esbuild/linux-s390x/-/linux-s390x-0.19.3.tgz#c5fb47474b9f816d81876c119dbccadf671cc5f6"
  integrity sha512-LlmsbuBdm1/D66TJ3HW6URY8wO6IlYHf+ChOUz8SUAjVTuaisfuwCOAgcxo3Zsu3BZGxmI7yt//yGOxV+lHcEA==

"@esbuild/linux-x64@0.19.3":
  version "0.19.3"
  resolved "https://registry.yarnpkg.com/@esbuild/linux-x64/-/linux-x64-0.19.3.tgz#f22d659969ab78dc422f1df8d9a79bc1e7b12ee3"
  integrity sha512-ogV0+GwEmvwg/8ZbsyfkYGaLACBQWDvO0Kkh8LKBGKj9Ru8VM39zssrnu9Sxn1wbapA2qNS6BiLdwJZGouyCwQ==

"@esbuild/netbsd-x64@0.19.3":
  version "0.19.3"
  resolved "https://registry.yarnpkg.com/@esbuild/netbsd-x64/-/netbsd-x64-0.19.3.tgz#e9b046934996991f46b8c1cadac815aa45f84fd4"
  integrity sha512-o1jLNe4uzQv2DKXMlmEzf66Wd8MoIhLNO2nlQBHLtWyh2MitDG7sMpfCO3NTcoTMuqHjfufgUQDFRI5C+xsXQw==

"@esbuild/openbsd-x64@0.19.3":
  version "0.19.3"
  resolved "https://registry.yarnpkg.com/@esbuild/openbsd-x64/-/openbsd-x64-0.19.3.tgz#b287ef4841fc1067bbbd9a60549e8f9cf1b7ee3a"
  integrity sha512-AZJCnr5CZgZOdhouLcfRdnk9Zv6HbaBxjcyhq0StNcvAdVZJSKIdOiPB9az2zc06ywl0ePYJz60CjdKsQacp5Q==

"@esbuild/sunos-x64@0.19.3":
  version "0.19.3"
  resolved "https://registry.yarnpkg.com/@esbuild/sunos-x64/-/sunos-x64-0.19.3.tgz#b2b8ba7d27907c7245f6e57dc62f3b88693f84b0"
  integrity sha512-Acsujgeqg9InR4glTRvLKGZ+1HMtDm94ehTIHKhJjFpgVzZG9/pIcWW/HA/DoMfEyXmANLDuDZ2sNrWcjq1lxw==

"@esbuild/win32-arm64@0.19.3":
  version "0.19.3"
  resolved "https://registry.yarnpkg.com/@esbuild/win32-arm64/-/win32-arm64-0.19.3.tgz#1974c8c180c9add4962235662c569fcc4c8f43dd"
  integrity sha512-FSrAfjVVy7TifFgYgliiJOyYynhQmqgPj15pzLyJk8BUsnlWNwP/IAy6GAiB1LqtoivowRgidZsfpoYLZH586A==

"@esbuild/win32-ia32@0.19.3":
  version "0.19.3"
  resolved "https://registry.yarnpkg.com/@esbuild/win32-ia32/-/win32-ia32-0.19.3.tgz#b02cc2dd8b6aed042069680f01f45fdfd3de5bc4"
  integrity sha512-xTScXYi12xLOWZ/sc5RBmMN99BcXp/eEf7scUC0oeiRoiT5Vvo9AycuqCp+xdpDyAU+LkrCqEpUS9fCSZF8J3Q==

"@esbuild/win32-x64@0.19.3":
  version "0.19.3"
  resolved "https://registry.yarnpkg.com/@esbuild/win32-x64/-/win32-x64-0.19.3.tgz#e5036be529f757e58d9a7771f2f1b14782986a74"
  integrity sha512-FbUN+0ZRXsypPyWE2IwIkVjDkDnJoMJARWOcFZn4KPPli+QnKqF0z1anvfaYe3ev5HFCpRDLLBDHyOALLppWHw==

esbuild@^0.19.3:
  version "0.19.3"
  resolved "https://registry.yarnpkg.com/esbuild/-/esbuild-0.19.3.tgz#d9268cd23358eef9d76146f184e0c55ff8da7bb6"
  integrity sha512-UlJ1qUUA2jL2nNib1JTSkifQTcYTroFqRjwCFW4QYEKEsixXD5Tik9xML7zh2gTxkYTBKGHNH9y7txMwVyPbjw==
  optionalDependencies:
    "@esbuild/android-arm" "0.19.3"
    "@esbuild/android-arm64" "0.19.3"
    "@esbuild/android-x64" "0.19.3"
    "@esbuild/darwin-arm64" "0.19.3"
    "@esbuild/darwin-x64" "0.19.3"
    "@esbuild/freebsd-arm64" "0.19.3"
    "@esbuild/freebsd-x64" "0.19.3"
    "@esbuild/linux-arm" "0.19.3"
    "@esbuild/linux-arm64" "0.19.3"
    "@esbuild/linux-ia32" "0.19.3"
    "@esbuild/linux-loong64" "0.19.3"
    "@esbuild/linux-mips64el" "0.19.3"
    "@esbuild/linux-ppc64" "0.19.3"
    "@esbuild/linux-riscv64" "0.19.3"
    "@esbuild/linux-s390x" "0.19.3"
    "@esbuild/linux-x64" "0.19.3"
    "@esbuild/netbsd-x64" "0.19.3"
    "@esbuild/openbsd-x64" "0.19.3"
    "@esbuild/sunos-x64" "0.19.3"
    "@esbuild/win32-arm64" "0.19.3"
    "@esbuild/win32-ia32" "0.19.3"
    "@esbuild/win32-x64" "0.19.3"

kanjiapi-wrapper@^1.1.5:
  version "1.1.5"
  resolved "https://registry.yarnpkg.com/kanjiapi-wrapper/-/kanjiapi-wrapper-1.1.5.tgz#554223a4e02e76f7389583f834d6332d9b512d18"
  integrity sha512-fE4eVZ49RjZ9W3CYerdcGOqfAt73u+10WEZLP/gyJtlpSIn3Y3ED8UU/+bOYSGKTDkGCyKV8qMH1GJCSy0Sq3A==

luxon@^3.4.2:
  version "3.4.3"
  resolved "https://registry.yarnpkg.com/luxon/-/luxon-3.4.3.tgz#8ddf0358a9492267ffec6a13675fbaab5551315d"
  integrity sha512-tFWBiv3h7z+T/tDaoxA8rqTxy1CHV6gHS//QdaH4pulbq/JuBSGgQspQQqcgnwdAx6pNI7cmvz5Sv/addzHmUg==

mithril@^2.0.3:
  version "2.0.3"
  resolved "https://registry.yarnpkg.com/mithril/-/mithril-2.0.3.tgz#5c28c6e497d87cd2a87ab6c0c7d82cf24af2fb7b"
  integrity sha512-iIbfChQswUJJf4Vc24NMBwfE2hV7SBwpyVoJ7raO9YhAjCCvLQ+G1Nvpz1jDMsPJQc46EHSplxiDGe0rAi/vqQ==

tachyons@^4.11.1:
  version "4.11.1"
  resolved "https://registry.yarnpkg.com/tachyons/-/tachyons-4.11.1.tgz#4e3666e7299e47aea7d820e0580dd4dc07cf3feb"
  integrity sha512-n5zIZ8i8kZ8vz05vX1BdvkP8b9ufsMeSRmdqTuUtz5rlNxr03nntiZMc/HTADIsPYZj/wZJDJglxV0/yvvaiZA==
