# THIS IS AN AUTOGENERATED FILE. DO NOT EDIT THIS FILE DIRECTLY.
# yarn lockfile v1


"@esbuild/aix-ppc64@0.25.1":
  version "0.25.1"
  resolved "https://registry.yarnpkg.com/@esbuild/aix-ppc64/-/aix-ppc64-0.25.1.tgz#c33cf6bbee34975626b01b80451cbb72b4c6c91d"
  integrity sha512-kfYGy8IdzTGy+z0vFGvExZtxkFlA4zAxgKEahG9KE1ScBjpQnFsNOX8KTU5ojNru5ed5CVoJYXFtoxaq5nFbjQ==

"@esbuild/android-arm64@0.25.1":
  version "0.25.1"
  resolved "https://registry.yarnpkg.com/@esbuild/android-arm64/-/android-arm64-0.25.1.tgz#ea766015c7d2655164f22100d33d7f0308a28d6d"
  integrity sha512-50tM0zCJW5kGqgG7fQ7IHvQOcAn9TKiVRuQ/lN0xR+T2lzEFvAi1ZcS8DiksFcEpf1t/GYOeOfCAgDHFpkiSmA==

"@esbuild/android-arm@0.25.1":
  version "0.25.1"
  resolved "https://registry.yarnpkg.com/@esbuild/android-arm/-/android-arm-0.25.1.tgz#e84d2bf2fe2e6177a0facda3a575b2139fd3cb9c"
  integrity sha512-dp+MshLYux6j/JjdqVLnMglQlFu+MuVeNrmT5nk6q07wNhCdSnB7QZj+7G8VMUGh1q+vj2Bq8kRsuyA00I/k+Q==

"@esbuild/android-x64@0.25.1":
  version "0.25.1"
  resolved "https://registry.yarnpkg.com/@esbuild/android-x64/-/android-x64-0.25.1.tgz#58337bee3bc6d78d10425e5500bd11370cfdfbed"
  integrity sha512-GCj6WfUtNldqUzYkN/ITtlhwQqGWu9S45vUXs7EIYf+7rCiiqH9bCloatO9VhxsL0Pji+PF4Lz2XXCES+Q8hDw==

"@esbuild/darwin-arm64@0.25.1":
  version "0.25.1"
  resolved "https://registry.yarnpkg.com/@esbuild/darwin-arm64/-/darwin-arm64-0.25.1.tgz#a46805c1c585d451aa83be72500bd6e8495dd591"
  integrity sha512-5hEZKPf+nQjYoSr/elb62U19/l1mZDdqidGfmFutVUjjUZrOazAtwK+Kr+3y0C/oeJfLlxo9fXb1w7L+P7E4FQ==

"@esbuild/darwin-x64@0.25.1":
  version "0.25.1"
  resolved "https://registry.yarnpkg.com/@esbuild/darwin-x64/-/darwin-x64-0.25.1.tgz#0643e003bb238c63fc93ddbee7d26a003be3cd98"
  integrity sha512-hxVnwL2Dqs3fM1IWq8Iezh0cX7ZGdVhbTfnOy5uURtao5OIVCEyj9xIzemDi7sRvKsuSdtCAhMKarxqtlyVyfA==

"@esbuild/freebsd-arm64@0.25.1":
  version "0.25.1"
  resolved "https://registry.yarnpkg.com/@esbuild/freebsd-arm64/-/freebsd-arm64-0.25.1.tgz#cff18da5469c09986b93e87979de5d6872fe8f8e"
  integrity sha512-1MrCZs0fZa2g8E+FUo2ipw6jw5qqQiH+tERoS5fAfKnRx6NXH31tXBKI3VpmLijLH6yriMZsxJtaXUyFt/8Y4A==

"@esbuild/freebsd-x64@0.25.1":
  version "0.25.1"
  resolved "https://registry.yarnpkg.com/@esbuild/freebsd-x64/-/freebsd-x64-0.25.1.tgz#362fc09c2de14987621c1878af19203c46365dde"
  integrity sha512-0IZWLiTyz7nm0xuIs0q1Y3QWJC52R8aSXxe40VUxm6BB1RNmkODtW6LHvWRrGiICulcX7ZvyH6h5fqdLu4gkww==

"@esbuild/linux-arm64@0.25.1":
  version "0.25.1"
  resolved "https://registry.yarnpkg.com/@esbuild/linux-arm64/-/linux-arm64-0.25.1.tgz#aa90d5b02efc97a271e124e6d1cea490634f7498"
  integrity sha512-jaN3dHi0/DDPelk0nLcXRm1q7DNJpjXy7yWaWvbfkPvI+7XNSc/lDOnCLN7gzsyzgu6qSAmgSvP9oXAhP973uQ==

"@esbuild/linux-arm@0.25.1":
  version "0.25.1"
  resolved "https://registry.yarnpkg.com/@esbuild/linux-arm/-/linux-arm-0.25.1.tgz#dfcefcbac60a20918b19569b4b657844d39db35a"
  integrity sha512-NdKOhS4u7JhDKw9G3cY6sWqFcnLITn6SqivVArbzIaf3cemShqfLGHYMx8Xlm/lBit3/5d7kXvriTUGa5YViuQ==

"@esbuild/linux-ia32@0.25.1":
  version "0.25.1"
  resolved "https://registry.yarnpkg.com/@esbuild/linux-ia32/-/linux-ia32-0.25.1.tgz#6f9527077ccb7953ed2af02e013d4bac69f13754"
  integrity sha512-OJykPaF4v8JidKNGz8c/q1lBO44sQNUQtq1KktJXdBLn1hPod5rE/Hko5ugKKZd+D2+o1a9MFGUEIUwO2YfgkQ==

"@esbuild/linux-loong64@0.25.1":
  version "0.25.1"
  resolved "https://registry.yarnpkg.com/@esbuild/linux-loong64/-/linux-loong64-0.25.1.tgz#287d2412a5456e5860c2839d42a4b51284d1697c"
  integrity sha512-nGfornQj4dzcq5Vp835oM/o21UMlXzn79KobKlcs3Wz9smwiifknLy4xDCLUU0BWp7b/houtdrgUz7nOGnfIYg==

"@esbuild/linux-mips64el@0.25.1":
  version "0.25.1"
  resolved "https://registry.yarnpkg.com/@esbuild/linux-mips64el/-/linux-mips64el-0.25.1.tgz#530574b9e1bc5d20f7a4f44c5f045e26f3783d57"
  integrity sha512-1osBbPEFYwIE5IVB/0g2X6i1qInZa1aIoj1TdL4AaAb55xIIgbg8Doq6a5BzYWgr+tEcDzYH67XVnTmUzL+nXg==

"@esbuild/linux-ppc64@0.25.1":
  version "0.25.1"
  resolved "https://registry.yarnpkg.com/@esbuild/linux-ppc64/-/linux-ppc64-0.25.1.tgz#5d7e6b283a0b321ea42c6bc0abeb9eb99c1f5589"
  integrity sha512-/6VBJOwUf3TdTvJZ82qF3tbLuWsscd7/1w+D9LH0W/SqUgM5/JJD0lrJ1fVIfZsqB6RFmLCe0Xz3fmZc3WtyVg==

"@esbuild/linux-riscv64@0.25.1":
  version "0.25.1"
  resolved "https://registry.yarnpkg.com/@esbuild/linux-riscv64/-/linux-riscv64-0.25.1.tgz#14fa0cd073c26b4ee2465d18cd1e18eea7859fa8"
  integrity sha512-nSut/Mx5gnilhcq2yIMLMe3Wl4FK5wx/o0QuuCLMtmJn+WeWYoEGDN1ipcN72g1WHsnIbxGXd4i/MF0gTcuAjQ==

"@esbuild/linux-s390x@0.25.1":
  version "0.25.1"
  resolved "https://registry.yarnpkg.com/@esbuild/linux-s390x/-/linux-s390x-0.25.1.tgz#e677b4b9d1b384098752266ccaa0d52a420dc1aa"
  integrity sha512-cEECeLlJNfT8kZHqLarDBQso9a27o2Zd2AQ8USAEoGtejOrCYHNtKP8XQhMDJMtthdF4GBmjR2au3x1udADQQQ==

"@esbuild/linux-x64@0.25.1":
  version "0.25.1"
  resolved "https://registry.yarnpkg.com/@esbuild/linux-x64/-/linux-x64-0.25.1.tgz#f1c796b78fff5ce393658313e8c58613198d9954"
  integrity sha512-xbfUhu/gnvSEg+EGovRc+kjBAkrvtk38RlerAzQxvMzlB4fXpCFCeUAYzJvrnhFtdeyVCDANSjJvOvGYoeKzFA==

"@esbuild/netbsd-arm64@0.25.1":
  version "0.25.1"
  resolved "https://registry.yarnpkg.com/@esbuild/netbsd-arm64/-/netbsd-arm64-0.25.1.tgz#0d280b7dfe3973f111b02d5fe9f3063b92796d29"
  integrity sha512-O96poM2XGhLtpTh+s4+nP7YCCAfb4tJNRVZHfIE7dgmax+yMP2WgMd2OecBuaATHKTHsLWHQeuaxMRnCsH8+5g==

"@esbuild/netbsd-x64@0.25.1":
  version "0.25.1"
  resolved "https://registry.yarnpkg.com/@esbuild/netbsd-x64/-/netbsd-x64-0.25.1.tgz#be663893931a4bb3f3a009c5cc24fa9681cc71c0"
  integrity sha512-X53z6uXip6KFXBQ+Krbx25XHV/NCbzryM6ehOAeAil7X7oa4XIq+394PWGnwaSQ2WRA0KI6PUO6hTO5zeF5ijA==

"@esbuild/openbsd-arm64@0.25.1":
  version "0.25.1"
  resolved "https://registry.yarnpkg.com/@esbuild/openbsd-arm64/-/openbsd-arm64-0.25.1.tgz#d9021b884233673a05dc1cc26de0bf325d824217"
  integrity sha512-Na9T3szbXezdzM/Kfs3GcRQNjHzM6GzFBeU1/6IV/npKP5ORtp9zbQjvkDJ47s6BCgaAZnnnu/cY1x342+MvZg==

"@esbuild/openbsd-x64@0.25.1":
  version "0.25.1"
  resolved "https://registry.yarnpkg.com/@esbuild/openbsd-x64/-/openbsd-x64-0.25.1.tgz#9f1dc1786ed2e2938c404b06bcc48be9a13250de"
  integrity sha512-T3H78X2h1tszfRSf+txbt5aOp/e7TAz3ptVKu9Oyir3IAOFPGV6O9c2naym5TOriy1l0nNf6a4X5UXRZSGX/dw==

"@esbuild/sunos-x64@0.25.1":
  version "0.25.1"
  resolved "https://registry.yarnpkg.com/@esbuild/sunos-x64/-/sunos-x64-0.25.1.tgz#89aac24a4b4115959b3f790192cf130396696c27"
  integrity sha512-2H3RUvcmULO7dIE5EWJH8eubZAI4xw54H1ilJnRNZdeo8dTADEZ21w6J22XBkXqGJbe0+wnNJtw3UXRoLJnFEg==

"@esbuild/win32-arm64@0.25.1":
  version "0.25.1"
  resolved "https://registry.yarnpkg.com/@esbuild/win32-arm64/-/win32-arm64-0.25.1.tgz#354358647a6ea98ea6d243bf48bdd7a434999582"
  integrity sha512-GE7XvrdOzrb+yVKB9KsRMq+7a2U/K5Cf/8grVFRAGJmfADr/e/ODQ134RK2/eeHqYV5eQRFxb1hY7Nr15fv1NQ==

"@esbuild/win32-ia32@0.25.1":
  version "0.25.1"
  resolved "https://registry.yarnpkg.com/@esbuild/win32-ia32/-/win32-ia32-0.25.1.tgz#8cea7340f2647eba951a041dc95651e3908cd4cb"
  integrity sha512-uOxSJCIcavSiT6UnBhBzE8wy3n0hOkJsBOzy7HDAuTDE++1DJMRRVCPGisULScHL+a/ZwdXPpXD3IyFKjA7K8A==

"@esbuild/win32-x64@0.25.1":
  version "0.25.1"
  resolved "https://registry.yarnpkg.com/@esbuild/win32-x64/-/win32-x64-0.25.1.tgz#7d79922cb2d88f9048f06393dbf62d2e4accb584"
  integrity sha512-Y1EQdcfwMSeQN/ujR5VayLOJ1BHaK+ssyk0AEzPjC+t1lITgsnccPqFjb6V+LsTp/9Iov4ysfjxLaGJ9RPtkVg==

esbuild@^0.25.1:
  version "0.25.1"
  resolved "https://registry.yarnpkg.com/esbuild/-/esbuild-0.25.1.tgz#a16b8d070b6ad4871935277bda6ccfe852e3fa2f"
  integrity sha512-BGO5LtrGC7vxnqucAe/rmvKdJllfGaYWdyABvyMoXQlfYMb2bbRuReWR5tEGE//4LcNJj9XrkovTqNYRFZHAMQ==
  optionalDependencies:
    "@esbuild/aix-ppc64" "0.25.1"
    "@esbuild/android-arm" "0.25.1"
    "@esbuild/android-arm64" "0.25.1"
    "@esbuild/android-x64" "0.25.1"
    "@esbuild/darwin-arm64" "0.25.1"
    "@esbuild/darwin-x64" "0.25.1"
    "@esbuild/freebsd-arm64" "0.25.1"
    "@esbuild/freebsd-x64" "0.25.1"
    "@esbuild/linux-arm" "0.25.1"
    "@esbuild/linux-arm64" "0.25.1"
    "@esbuild/linux-ia32" "0.25.1"
    "@esbuild/linux-loong64" "0.25.1"
    "@esbuild/linux-mips64el" "0.25.1"
    "@esbuild/linux-ppc64" "0.25.1"
    "@esbuild/linux-riscv64" "0.25.1"
    "@esbuild/linux-s390x" "0.25.1"
    "@esbuild/linux-x64" "0.25.1"
    "@esbuild/netbsd-arm64" "0.25.1"
    "@esbuild/netbsd-x64" "0.25.1"
    "@esbuild/openbsd-arm64" "0.25.1"
    "@esbuild/openbsd-x64" "0.25.1"
    "@esbuild/sunos-x64" "0.25.1"
    "@esbuild/win32-arm64" "0.25.1"
    "@esbuild/win32-ia32" "0.25.1"
    "@esbuild/win32-x64" "0.25.1"

kanjiapi-wrapper@^1.1.5:
  version "1.1.5"
  resolved "https://registry.yarnpkg.com/kanjiapi-wrapper/-/kanjiapi-wrapper-1.1.5.tgz#554223a4e02e76f7389583f834d6332d9b512d18"
  integrity sha512-fE4eVZ49RjZ9W3CYerdcGOqfAt73u+10WEZLP/gyJtlpSIn3Y3ED8UU/+bOYSGKTDkGCyKV8qMH1GJCSy0Sq3A==

luxon@^3.4.2:
  version "3.4.3"
  resolved "https://registry.yarnpkg.com/luxon/-/luxon-3.4.3.tgz#8ddf0358a9492267ffec6a13675fbaab5551315d"
  integrity sha512-tFWBiv3h7z+T/tDaoxA8rqTxy1CHV6gHS//QdaH4pulbq/JuBSGgQspQQqcgnwdAx6pNI7cmvz5Sv/addzHmUg==

mithril@^2.0.3:
  version "2.0.3"
  resolved "https://registry.yarnpkg.com/mithril/-/mithril-2.0.3.tgz#5c28c6e497d87cd2a87ab6c0c7d82cf24af2fb7b"
  integrity sha512-iIbfChQswUJJf4Vc24NMBwfE2hV7SBwpyVoJ7raO9YhAjCCvLQ+G1Nvpz1jDMsPJQc46EHSplxiDGe0rAi/vqQ==

tachyons@^4.11.1:
  version "4.11.1"
  resolved "https://registry.yarnpkg.com/tachyons/-/tachyons-4.11.1.tgz#4e3666e7299e47aea7d820e0580dd4dc07cf3feb"
  integrity sha512-n5zIZ8i8kZ8vz05vX1BdvkP8b9ufsMeSRmdqTuUtz5rlNxr03nntiZMc/HTADIsPYZj/wZJDJglxV0/yvvaiZA==
